
Microsoft Visual Studio Solution File, Format Version 12.00
Project("{FAE04EC0-301F-11D3-BF4B-00C04F79EFBC}") = "WeatherTest", "WeatherTest\WeatherTest.csproj", "{AA7CBA18-CC7B-45A5-ACC0-0A53B4606333}"
EndProject
Global
	GlobalSection(SolutionConfigurationPlatforms) = preSolution
		Debug|Any CPU = Debug|Any CPU
		Release|Any CPU = Release|Any CPU
	EndGlobalSection
	GlobalSection(ProjectConfigurationPlatforms) = postSolution
		{AA7CBA18-CC7B-45A5-ACC0-0A53B4606333}.Debug|Any CPU.ActiveCfg = Debug|Any CPU
		{AA7CBA18-CC7B-45A5-ACC0-0A53B4606333}.Debug|Any CPU.Build.0 = Debug|Any CPU
		{AA7CBA18-CC7B-45A5-ACC0-0A53B4606333}.Release|Any CPU.ActiveCfg = Release|Any CPU
		{AA7CBA18-CC7B-45A5-ACC0-0A53B4606333}.Release|Any CPU.Build.0 = Release|Any CPU
	EndGlobalSection
EndGlobal
